{
  "name": "booong-dashboard",
  "lockfileVersion": 3,
  "requires": true,
  "packages": {
    "": {
      "name": "booong-dashboard",
      "dependencies": {
        "@yadoran-2025/booong-design-system": "^1.0.1"
      }
    },
    "node_modules/@yadoran-2025/booong-design-system": {
      "version": "1.0.1",
      "resolved": "https://registry.npmjs.org/@yadoran-2025/booong-design-system/-/booong-design-system-1.0.1.tgz",
      "integrity": "sha512-FQM/LMSgqSFamN8oaww7rE54oPb0pPYOAgqoat8m6FDaTxeEK2JPsRAqY3jV5x0XETv6WgeTFb0FsITtCHFxJQ==",
      "license": "UNLICENSED"
    }
  }
}
